{
  "nodes": {
    "nixpkgs": {
      "locked": {
        "lastModified": 1743298703,
        "narHash": "sha256-Q9LyN7Bm4LIvXNNRaMg7WAaZr8Jh3FJI/qNAVuUJXHI=",
        "owner": "nixos",
        "repo": "nixpkgs",
        "rev": "9eb0e7f29dcae57c21536867c1a3a50e744a1fce",
        "type": "github"
      },
      "original": {
        "owner": "nixos",
        "ref": "nixos-unstable-small",
        "repo": "nixpkgs",
        "type": "github"
      }
    },
    "root": {
      "inputs": {
        "nixpkgs": "nixpkgs"
      }
    }
  },
  "root": "root",
  "version": 7
}
